# THIS IS AN AUTOGENERATED FILE. DO NOT EDIT THIS FILE DIRECTLY.
# yarn lockfile v1


preact@^10.3.3:
  version "10.3.4"
  resolved "https://registry.yarnpkg.com/preact/-/preact-10.3.4.tgz#e1542a4d3eba3e7a37f312a2c331231b97052024"
  integrity sha512-wMgzs/RGYf0I1PZf8ZFJdyU/3kCcwepJyVYe+N9FGajyQWarMoPrPfrQajcG0psPj6ySYv2cSuLYFCihvV/Qrw==
